
Microsoft Visual Studio Solution File, Format Version 12.00
# Visual Studio Version 17
VisualStudioVersion = 17.11.35312.102
MinimumVisualStudioVersion = 10.0.40219.1
Project("{9A19103F-16F7-4668-BE54-9A1E7A4F7556}") = "AW.ClaimsExpressions.Test", "test\AW.ClaimsExpressions.Test\AW.ClaimsExpressions.Test.csproj", "{75879DA8-924B-40B4-9C00-339B26238204}"
EndProject
Project("{9A19103F-16F7-4668-BE54-9A1E7A4F7556}") = "AW.ClaimsExpressions", "src\AW.ClaimsExpressions\AW.ClaimsExpressions.csproj", "{7CB45E5B-44A6-4C20-9A3B-97B3BB929F26}"
EndProject
Project("{2150E333-8FDC-42A3-9474-1A3956D46DE8}") = "Solution Items", "Solution Items", "{E328AF09-4950-4AB7-ABDD-CF4EAFF803D7}"
	ProjectSection(SolutionItems) = preProject
		Directory.Build.props = Directory.Build.props
		LICENSE = LICENSE
		README.md = README.md
		.github\workflows\publish.yml = .github\workflows\publish.yml
		.github\workflows\test.yml = .github\workflows\test.yml
	EndProjectSection
EndProject
Project("{9A19103F-16F7-4668-BE54-9A1E7A4F7556}") = "AW.ClaimsExpressions.AspNetCore", "src\AW.ClaimsExpressions.AspNetCore\AW.ClaimsExpressions.AspNetCore.csproj", "{E8D9BE24-CE9B-4786-9F8B-7223859896EA}"
EndProject
Project("{9A19103F-16F7-4668-BE54-9A1E7A4F7556}") = "AW.ClaimsExpressions.TestServer", "test\AW.ClaimsExpressions.TestServer\AW.ClaimsExpressions.TestServer.csproj", "{2BF1C4C4-960D-42EC-A1EF-01D8DDB53C31}"
EndProject
Global
	GlobalSection(SolutionConfigurationPlatforms) = preSolution
		Debug|Any CPU = Debug|Any CPU
		Release|Any CPU = Release|Any CPU
	EndGlobalSection
	GlobalSection(ProjectConfigurationPlatforms) = postSolution
		{75879DA8-924B-40B4-9C00-339B26238204}.Debug|Any CPU.ActiveCfg = Debug|Any CPU
		{75879DA8-924B-40B4-9C00-339B26238204}.Debug|Any CPU.Build.0 = Debug|Any CPU
		{75879DA8-924B-40B4-9C00-339B26238204}.Release|Any CPU.ActiveCfg = Release|Any CPU
		{75879DA8-924B-40B4-9C00-339B26238204}.Release|Any CPU.Build.0 = Release|Any CPU
		{7CB45E5B-44A6-4C20-9A3B-97B3BB929F26}.Debug|Any CPU.ActiveCfg = Debug|Any CPU
		{7CB45E5B-44A6-4C20-9A3B-97B3BB929F26}.Debug|Any CPU.Build.0 = Debug|Any CPU
		{7CB45E5B-44A6-4C20-9A3B-97B3BB929F26}.Release|Any CPU.ActiveCfg = Release|Any CPU
		{7CB45E5B-44A6-4C20-9A3B-97B3BB929F26}.Release|Any CPU.Build.0 = Release|Any CPU
		{E8D9BE24-CE9B-4786-9F8B-7223859896EA}.Debug|Any CPU.ActiveCfg = Debug|Any CPU
		{E8D9BE24-CE9B-4786-9F8B-7223859896EA}.Debug|Any CPU.Build.0 = Debug|Any CPU
		{E8D9BE24-CE9B-4786-9F8B-7223859896EA}.Release|Any CPU.ActiveCfg = Release|Any CPU
		{E8D9BE24-CE9B-4786-9F8B-7223859896EA}.Release|Any CPU.Build.0 = Release|Any CPU
		{2BF1C4C4-960D-42EC-A1EF-01D8DDB53C31}.Debug|Any CPU.ActiveCfg = Debug|Any CPU
		{2BF1C4C4-960D-42EC-A1EF-01D8DDB53C31}.Debug|Any CPU.Build.0 = Debug|Any CPU
		{2BF1C4C4-960D-42EC-A1EF-01D8DDB53C31}.Release|Any CPU.ActiveCfg = Release|Any CPU
		{2BF1C4C4-960D-42EC-A1EF-01D8DDB53C31}.Release|Any CPU.Build.0 = Release|Any CPU
	EndGlobalSection
	GlobalSection(SolutionProperties) = preSolution
		HideSolutionNode = FALSE
	EndGlobalSection
	GlobalSection(ExtensibilityGlobals) = postSolution
		SolutionGuid = {90871A89-293D-48BE-BB51-8FD07F7F7833}
	EndGlobalSection
EndGlobal
